// !$*UTF8*$!
{
	archiveVersion = 1;
	classes = {
	};
	objectVersion = 50;
	objects = {

/* Begin PBXBuildFile section */
		3FAC8EC022DE13D40063DCE3 /* PasscodeController.swift in Sources */ = {isa = PBXBuildFile; fileRef = 3FAC8EBF22DE13D40063DCE3 /* PasscodeController.swift */; };
		3FB1B36E22DCD45800352BE7 /* WorkorNahController.swift in Sources */ = {isa = PBXBuildFile; fileRef = 3FB1B36D22DCD45800352BE7 /* WorkorNahController.swift */; };
		3FB1B37022DCD49200352BE7 /* ForWorkingController.swift in Sources */ = {isa = PBXBuildFile; fileRef = 3FB1B36F22DCD49200352BE7 /* ForWorkingController.swift */; };
		3FB1B37222DCD4E500352BE7 /* ForNonWorkingController.swift in Sources */ = {isa = PBXBuildFile; fileRef = 3FB1B37122DCD4E500352BE7 /* ForNonWorkingController.swift */; };
		3FB1B37422DCD50400352BE7 /* MainController.swift in Sources */ = {isa = PBXBuildFile; fileRef = 3FB1B37322DCD50400352BE7 /* MainController.swift */; };
		3FB1B37622DCDA2100352BE7 /* AddingController.swift in Sources */ = {isa = PBXBuildFile; fileRef = 3FB1B37522DCDA2100352BE7 /* AddingController.swift */; };
		3FB1B37822DCDA3A00352BE7 /* SubtractingController.swift in Sources */ = {isa = PBXBuildFile; fileRef = 3FB1B37722DCDA3A00352BE7 /* SubtractingController.swift */; };
		3FB1B37A22DCDFEE00352BE7 /* MoreTabController.swift in Sources */ = {isa = PBXBuildFile; fileRef = 3FB1B37922DCDFEE00352BE7 /* MoreTabController.swift */; };
		3FB1B37C22DCE1EE00352BE7 /* SavingsController.swift in Sources */ = {isa = PBXBuildFile; fileRef = 3FB1B37B22DCE1EE00352BE7 /* SavingsController.swift */; };
		3FB1B37E22DCE56A00352BE7 /* AddSavingsController.swift in Sources */ = {isa = PBXBuildFile; fileRef = 3FB1B37D22DCE56A00352BE7 /* AddSavingsController.swift */; };
		3FB1B38022DCE9DC00352BE7 /* TransactionsController.swift in Sources */ = {isa = PBXBuildFile; fileRef = 3FB1B37F22DCE9DC00352BE7 /* TransactionsController.swift */; };
		3FB1B38222DCEB7600352BE7 /* CategoriesController.swift in Sources */ = {isa = PBXBuildFile; fileRef = 3FB1B38122DCEB7600352BE7 /* CategoriesController.swift */; };
		3FB1B38422DCEBE800352BE7 /* SettingsController.swift in Sources */ = {isa = PBXBuildFile; fileRef = 3FB1B38322DCEBE800352BE7 /* SettingsController.swift */; };
		3FB1B38622DCEDDB00352BE7 /* ReminderController.swift in Sources */ = {isa = PBXBuildFile; fileRef = 3FB1B38522DCEDDB00352BE7 /* ReminderController.swift */; };
		3FCB5F8222D62994001953E9 /* AppDelegate.swift in Sources */ = {isa = PBXBuildFile; fileRef = 3FCB5F8122D62994001953E9 /* AppDelegate.swift */; };
		3FCB5F8422D62994001953E9 /* FirstViewController.swift in Sources */ = {isa = PBXBuildFile; fileRef = 3FCB5F8322D62994001953E9 /* FirstViewController.swift */; };
		3FCB5F8622D62994001953E9 /* CodeController.swift in Sources */ = {isa = PBXBuildFile; fileRef = 3FCB5F8522D62994001953E9 /* CodeController.swift */; };
		3FCB5F8922D62994001953E9 /* Main.storyboard in Resources */ = {isa = PBXBuildFile; fileRef = 3FCB5F8722D62994001953E9 /* Main.storyboard */; };
		3FCB5F8B22D62995001953E9 /* Assets.xcassets in Resources */ = {isa = PBXBuildFile; fileRef = 3FCB5F8A22D62995001953E9 /* Assets.xcassets */; };
		3FCB5F8E22D62995001953E9 /* LaunchScreen.storyboard in Resources */ = {isa = PBXBuildFile; fileRef = 3FCB5F8C22D62995001953E9 /* LaunchScreen.storyboard */; };
		3FCB5F9622D62F89001953E9 /* RestPassControllerViewController.swift in Sources */ = {isa = PBXBuildFile; fileRef = 3FCB5F9522D62F89001953E9 /* RestPassControllerViewController.swift */; };
		3FCB5F9822D6307C001953E9 /* NewPasswordController.swift in Sources */ = {isa = PBXBuildFile; fileRef = 3FCB5F9722D6307C001953E9 /* NewPasswordController.swift */; };
		3FCB5F9C22D630BE001953E9 /* SignUpController.swift in Sources */ = {isa = PBXBuildFile; fileRef = 3FCB5F9B22D630BE001953E9 /* SignUpController.swift */; };
		3FE3514D22E0CA84005B0612 /* AddCategoriesController.swift in Sources */ = {isa = PBXBuildFile; fileRef = 3FE3514C22E0CA84005B0612 /* AddCategoriesController.swift */; };
/* End PBXBuildFile section */

/* Begin PBXFileReference section */
		3FAC8EBF22DE13D40063DCE3 /* PasscodeController.swift */ = {isa = PBXFileReference; lastKnownFileType = sourcecode.swift; path = PasscodeController.swift; sourceTree = "<group>"; };
		3FB1B36D22DCD45800352BE7 /* WorkorNahController.swift */ = {isa = PBXFileReference; lastKnownFileType = sourcecode.swift; path = WorkorNahController.swift; sourceTree = "<group>"; };
		3FB1B36F22DCD49200352BE7 /* ForWorkingController.swift */ = {isa = PBXFileReference; lastKnownFileType = sourcecode.swift; path = ForWorkingController.swift; sourceTree = "<group>"; };
		3FB1B37122DCD4E500352BE7 /* ForNonWorkingController.swift */ = {isa = PBXFileReference; lastKnownFileType = sourcecode.swift; path = ForNonWorkingController.swift; sourceTree = "<group>"; };
		3FB1B37322DCD50400352BE7 /* MainController.swift */ = {isa = PBXFileReference; lastKnownFileType = sourcecode.swift; path = MainController.swift; sourceTree = "<group>"; };
		3FB1B37522DCDA2100352BE7 /* AddingController.swift */ = {isa = PBXFileReference; lastKnownFileType = sourcecode.swift; path = AddingController.swift; sourceTree = "<group>"; };
		3FB1B37722DCDA3A00352BE7 /* SubtractingController.swift */ = {isa = PBXFileReference; lastKnownFileType = sourcecode.swift; path = SubtractingController.swift; sourceTree = "<group>"; };
		3FB1B37922DCDFEE00352BE7 /* MoreTabController.swift */ = {isa = PBXFileReference; lastKnownFileType = sourcecode.swift; path = MoreTabController.swift; sourceTree = "<group>"; };
		3FB1B37B22DCE1EE00352BE7 /* SavingsController.swift */ = {isa = PBXFileReference; lastKnownFileType = sourcecode.swift; path = SavingsController.swift; sourceTree = "<group>"; };
		3FB1B37D22DCE56A00352BE7 /* AddSavingsController.swift */ = {isa = PBXFileReference; lastKnownFileType = sourcecode.swift; path = AddSavingsController.swift; sourceTree = "<group>"; };
		3FB1B37F22DCE9DC00352BE7 /* TransactionsController.swift */ = {isa = PBXFileReference; lastKnownFileType = sourcecode.swift; path = TransactionsController.swift; sourceTree = "<group>"; };
		3FB1B38122DCEB7600352BE7 /* CategoriesController.swift */ = {isa = PBXFileReference; lastKnownFileType = sourcecode.swift; path = CategoriesController.swift; sourceTree = "<group>"; };
		3FB1B38322DCEBE800352BE7 /* SettingsController.swift */ = {isa = PBXFileReference; lastKnownFileType = sourcecode.swift; path = SettingsController.swift; sourceTree = "<group>"; };
		3FB1B38522DCEDDB00352BE7 /* ReminderController.swift */ = {isa = PBXFileReference; lastKnownFileType = sourcecode.swift; path = ReminderController.swift; sourceTree = "<group>"; };
		3FCB5F7E22D62994001953E9 /* schmoney.app */ = {isa = PBXFileReference; explicitFileType = wrapper.application; includeInIndex = 0; path = schmoney.app; sourceTree = BUILT_PRODUCTS_DIR; };
		3FCB5F8122D62994001953E9 /* AppDelegate.swift */ = {isa = PBXFileReference; lastKnownFileType = sourcecode.swift; path = AppDelegate.swift; sourceTree = "<group>"; };
		3FCB5F8322D62994001953E9 /* FirstViewController.swift */ = {isa = PBXFileReference; lastKnownFileType = sourcecode.swift; path = FirstViewController.swift; sourceTree = "<group>"; };
		3FCB5F8522D62994001953E9 /* CodeController.swift */ = {isa = PBXFileReference; lastKnownFileType = sourcecode.swift; path = CodeController.swift; sourceTree = "<group>"; };
		3FCB5F8822D62994001953E9 /* Base */ = {isa = PBXFileReference; lastKnownFileType = file.storyboard; name = Base; path = Base.lproj/Main.storyboard; sourceTree = "<group>"; };
		3FCB5F8A22D62995001953E9 /* Assets.xcassets */ = {isa = PBXFileReference; lastKnownFileType = folder.assetcatalog; path = Assets.xcassets; sourceTree = "<group>"; };
		3FCB5F8D22D62995001953E9 /* Base */ = {isa = PBXFileReference; lastKnownFileType = file.storyboard; name = Base; path = Base.lproj/LaunchScreen.storyboard; sourceTree = "<group>"; };
		3FCB5F8F22D62995001953E9 /* Info.plist */ = {isa = PBXFileReference; lastKnownFileType = text.plist.xml; path = Info.plist; sourceTree = "<group>"; };
		3FCB5F9522D62F89001953E9 /* RestPassControllerViewController.swift */ = {isa = PBXFileReference; lastKnownFileType = sourcecode.swift; path = RestPassControllerViewController.swift; sourceTree = "<group>"; };
		3FCB5F9722D6307C001953E9 /* NewPasswordController.swift */ = {isa = PBXFileReference; lastKnownFileType = sourcecode.swift; path = NewPasswordController.swift; sourceTree = "<group>"; };
		3FCB5F9B22D630BE001953E9 /* SignUpController.swift */ = {isa = PBXFileReference; lastKnownFileType = sourcecode.swift; path = SignUpController.swift; sourceTree = "<group>"; };
		3FE3514C22E0CA84005B0612 /* AddCategoriesController.swift */ = {isa = PBXFileReference; lastKnownFileType = sourcecode.swift; path = AddCategoriesController.swift; sourceTree = "<group>"; };
/* End PBXFileReference section */

/* Begin PBXFrameworksBuildPhase section */
		3FCB5F7B22D62994001953E9 /* Frameworks */ = {
			isa = PBXFrameworksBuildPhase;
			buildActionMask = 2147483647;
			files = (
			);
			runOnlyForDeploymentPostprocessing = 0;
		};
/* End PBXFrameworksBuildPhase section */

/* Begin PBXGroup section */
		3FCB5F7522D62994001953E9 = {
			isa = PBXGroup;
			children = (
				3FCB5F8022D62994001953E9 /* schmoney */,
				3FCB5F7F22D62994001953E9 /* Products */,
			);
			sourceTree = "<group>";
		};
		3FCB5F7F22D62994001953E9 /* Products */ = {
			isa = PBXGroup;
			children = (
				3FCB5F7E22D62994001953E9 /* schmoney.app */,
			);
			name = Products;
			sourceTree = "<group>";
		};
		3FCB5F8022D62994001953E9 /* schmoney */ = {
			isa = PBXGroup;
			children = (
				3FCB5F8122D62994001953E9 /* AppDelegate.swift */,
				3FCB5F8322D62994001953E9 /* FirstViewController.swift */,
				3FCB5F9522D62F89001953E9 /* RestPassControllerViewController.swift */,
				3FCB5F8522D62994001953E9 /* CodeController.swift */,
				3FCB5F9722D6307C001953E9 /* NewPasswordController.swift */,
				3FCB5F9B22D630BE001953E9 /* SignUpController.swift */,
				3FB1B36D22DCD45800352BE7 /* WorkorNahController.swift */,
				3FB1B36F22DCD49200352BE7 /* ForWorkingController.swift */,
				3FB1B37122DCD4E500352BE7 /* ForNonWorkingController.swift */,
				3FB1B37322DCD50400352BE7 /* MainController.swift */,
				3FB1B37522DCDA2100352BE7 /* AddingController.swift */,
				3FB1B37722DCDA3A00352BE7 /* SubtractingController.swift */,
				3FB1B37922DCDFEE00352BE7 /* MoreTabController.swift */,
				3FB1B37B22DCE1EE00352BE7 /* SavingsController.swift */,
				3FB1B37D22DCE56A00352BE7 /* AddSavingsController.swift */,
				3FB1B37F22DCE9DC00352BE7 /* TransactionsController.swift */,
				3FB1B38122DCEB7600352BE7 /* CategoriesController.swift */,
				3FB1B38322DCEBE800352BE7 /* SettingsController.swift */,
				3FB1B38522DCEDDB00352BE7 /* ReminderController.swift */,
				3FAC8EBF22DE13D40063DCE3 /* PasscodeController.swift */,
				3FE3514C22E0CA84005B0612 /* AddCategoriesController.swift */,
				3FCB5F8722D62994001953E9 /* Main.storyboard */,
				3FCB5F8A22D62995001953E9 /* Assets.xcassets */,
				3FCB5F8C22D62995001953E9 /* LaunchScreen.storyboard */,
				3FCB5F8F22D62995001953E9 /* Info.plist */,
			);
			path = schmoney;
			sourceTree = "<group>";
		};
/* End PBXGroup section */

/* Begin PBXNativeTarget section */
		3FCB5F7D22D62994001953E9 /* schmoney */ = {
			isa = PBXNativeTarget;
			buildConfigurationList = 3FCB5F9222D62995001953E9 /* Build configuration list for PBXNativeTarget "schmoney" */;
			buildPhases = (
				3FCB5F7A22D62994001953E9 /* Sources */,
				3FCB5F7B22D62994001953E9 /* Frameworks */,
				3FCB5F7C22D62994001953E9 /* Resources */,
			);
			buildRules = (
			);
			dependencies = (
			);
			name = schmoney;
			productName = schmoney;
			productReference = 3FCB5F7E22D62994001953E9 /* schmoney.app */;
			productType = "com.apple.product-type.application";
		};
/* End PBXNativeTarget section */

/* Begin PBXProject section */
		3FCB5F7622D62994001953E9 /* Project object */ = {
			isa = PBXProject;
			attributes = {
				LastSwiftUpdateCheck = 1010;
				LastUpgradeCheck = 1010;
				ORGANIZATIONNAME = student;
				TargetAttributes = {
					3FCB5F7D22D62994001953E9 = {
						CreatedOnToolsVersion = 10.1;
					};
				};
			};
			buildConfigurationList = 3FCB5F7922D62994001953E9 /* Build configuration list for PBXProject "schmoney" */;
			compatibilityVersion = "Xcode 9.3";
			developmentRegion = en;
			hasScannedForEncodings = 0;
			knownRegions = (
				en,
				Base,
			);
			mainGroup = 3FCB5F7522D62994001953E9;
			productRefGroup = 3FCB5F7F22D62994001953E9 /* Products */;
			projectDirPath = "";
			projectRoot = "";
			targets = (
				3FCB5F7D22D62994001953E9 /* schmoney */,
			);
		};
/* End PBXProject section */

/* Begin PBXResourcesBuildPhase section */
		3FCB5F7C22D62994001953E9 /* Resources */ = {
			isa = PBXResourcesBuildPhase;
			buildActionMask = 2147483647;
			files = (
				3FCB5F8E22D62995001953E9 /* LaunchScreen.storyboard in Resources */,
				3FCB5F8B22D62995001953E9 /* Assets.xcassets in Resources */,
				3FCB5F8922D62994001953E9 /* Main.storyboard in Resources */,
			);
			runOnlyForDeploymentPostprocessing = 0;
		};
/* End PBXResourcesBuildPhase section */

/* Begin PBXSourcesBuildPhase section */
		3FCB5F7A22D62994001953E9 /* Sources */ = {
			isa = PBXSourcesBuildPhase;
			buildActionMask = 2147483647;
			files = (
				3FB1B38622DCEDDB00352BE7 /* ReminderController.swift in Sources */,
				3FE3514D22E0CA84005B0612 /* AddCategoriesController.swift in Sources */,
				3FB1B38422DCEBE800352BE7 /* SettingsController.swift in Sources */,
				3FCB5F8622D62994001953E9 /* CodeController.swift in Sources */,
				3FB1B37022DCD49200352BE7 /* ForWorkingController.swift in Sources */,
				3FCB5F9622D62F89001953E9 /* RestPassControllerViewController.swift in Sources */,
				3FB1B37622DCDA2100352BE7 /* AddingController.swift in Sources */,
				3FB1B38022DCE9DC00352BE7 /* TransactionsController.swift in Sources */,
				3FB1B38222DCEB7600352BE7 /* CategoriesController.swift in Sources */,
				3FCB5F9822D6307C001953E9 /* NewPasswordController.swift in Sources */,
				3FB1B37422DCD50400352BE7 /* MainController.swift in Sources */,
				3FCB5F8222D62994001953E9 /* AppDelegate.swift in Sources */,
				3FB1B37E22DCE56A00352BE7 /* AddSavingsController.swift in Sources */,
				3FB1B36E22DCD45800352BE7 /* WorkorNahController.swift in Sources */,
				3FAC8EC022DE13D40063DCE3 /* PasscodeController.swift in Sources */,
				3FB1B37822DCDA3A00352BE7 /* SubtractingController.swift in Sources */,
				3FB1B37222DCD4E500352BE7 /* ForNonWorkingController.swift in Sources */,
				3FCB5F8422D62994001953E9 /* FirstViewController.swift in Sources */,
				3FB1B37C22DCE1EE00352BE7 /* SavingsController.swift in Sources */,
				3FB1B37A22DCDFEE00352BE7 /* MoreTabController.swift in Sources */,
				3FCB5F9C22D630BE001953E9 /* SignUpController.swift in Sources */,
			);
			runOnlyForDeploymentPostprocessing = 0;
		};
/* End PBXSourcesBuildPhase section */

/* Begin PBXVariantGroup section */
		3FCB5F8722D62994001953E9 /* Main.storyboard */ = {
			isa = PBXVariantGroup;
			children = (
				3FCB5F8822D62994001953E9 /* Base */,
			);
			name = Main.storyboard;
			sourceTree = "<group>";
		};
		3FCB5F8C22D62995001953E9 /* LaunchScreen.storyboard */ = {
			isa = PBXVariantGroup;
			children = (
				3FCB5F8D22D62995001953E9 /* Base */,
			);
			name = LaunchScreen.storyboard;
			sourceTree = "<group>";
		};
/* End PBXVariantGroup section */

/* Begin XCBuildConfiguration section */
		3FCB5F9022D62995001953E9 /* Debug */ = {
			isa = XCBuildConfiguration;
			buildSettings = {
				ALWAYS_SEARCH_USER_PATHS = NO;
				CLANG_ANALYZER_NONNULL = YES;
				CLANG_ANALYZER_NUMBER_OBJECT_CONVERSION = YES_AGGRESSIVE;
				CLANG_CXX_LANGUAGE_STANDARD = "gnu++14";
				CLANG_CXX_LIBRARY = "libc++";
				CLANG_ENABLE_MODULES = YES;
				CLANG_ENABLE_OBJC_ARC = YES;
				CLANG_ENABLE_OBJC_WEAK = YES;
				CLANG_WARN_BLOCK_CAPTURE_AUTORELEASING = YES;
				CLANG_WARN_BOOL_CONVERSION = YES;
				CLANG_WARN_COMMA = YES;
				CLANG_WARN_CONSTANT_CONVERSION = YES;
				CLANG_WARN_DEPRECATED_OBJC_IMPLEMENTATIONS = YES;
				CLANG_WARN_DIRECT_OBJC_ISA_USAGE = YES_ERROR;
				CLANG_WARN_DOCUMENTATION_COMMENTS = YES;
				CLANG_WARN_EMPTY_BODY = YES;
				CLANG_WARN_ENUM_CONVERSION = YES;
				CLANG_WARN_INFINITE_RECURSION = YES;
				CLANG_WARN_INT_CONVERSION = YES;
				CLANG_WARN_NON_LITERAL_NULL_CONVERSION = YES;
				CLANG_WARN_OBJC_IMPLICIT_RETAIN_SELF = YES;
				CLANG_WARN_OBJC_LITERAL_CONVERSION = YES;
				CLANG_WARN_OBJC_ROOT_CLASS = YES_ERROR;
				CLANG_WARN_RANGE_LOOP_ANALYSIS = YES;
				CLANG_WARN_STRICT_PROTOTYPES = YES;
				CLANG_WARN_SUSPICIOUS_MOVE = YES;
				CLANG_WARN_UNGUARDED_AVAILABILITY = YES_AGGRESSIVE;
				CLANG_WARN_UNREACHABLE_CODE = YES;
				CLANG_WARN__DUPLICATE_METHOD_MATCH = YES;
				CODE_SIGN_IDENTITY = "iPhone Developer";
				COPY_PHASE_STRIP = NO;
				DEBUG_INFORMATION_FORMAT = dwarf;
				ENABLE_STRICT_OBJC_MSGSEND = YES;
				ENABLE_TESTABILITY = YES;
				GCC_C_LANGUAGE_STANDARD = gnu11;
				GCC_DYNAMIC_NO_PIC = NO;
				GCC_NO_COMMON_BLOCKS = YES;
				GCC_OPTIMIZATION_LEVEL = 0;
				GCC_PREPROCESSOR_DEFINITIONS = (
					"DEBUG=1",
					"$(inherited)",
				);
				GCC_WARN_64_TO_32_BIT_CONVERSION = YES;
				GCC_WARN_ABOUT_RETURN_TYPE = YES_ERROR;
				GCC_WARN_UNDECLARED_SELECTOR = YES;
				GCC_WARN_UNINITIALIZED_AUTOS = YES_AGGRESSIVE;
				GCC_WARN_UNUSED_FUNCTION = YES;
				GCC_WARN_UNUSED_VARIABLE = YES;
				IPHONEOS_DEPLOYMENT_TARGET = 12.1;
				MTL_ENABLE_DEBUG_INFO = INCLUDE_SOURCE;
				MTL_FAST_MATH = YES;
				ONLY_ACTIVE_ARCH = YES;
				SDKROOT = iphoneos;
				SWIFT_ACTIVE_COMPILATION_CONDITIONS = DEBUG;
				SWIFT_OPTIMIZATION_LEVEL = "-Onone";
			};
			name = Debug;
		};
		3FCB5F9122D62995001953E9 /* Release */ = {
			isa = XCBuildConfiguration;
			buildSettings = {
				ALWAYS_SEARCH_USER_PATHS = NO;
				CLANG_ANALYZER_NONNULL = YES;
				CLANG_ANALYZER_NUMBER_OBJECT_CONVERSION = YES_AGGRESSIVE;
				CLANG_CXX_LANGUAGE_STANDARD = "gnu++14";
				CLANG_CXX_LIBRARY = "libc++";
				CLANG_ENABLE_MODULES = YES;
				CLANG_ENABLE_OBJC_ARC = YES;
				CLANG_ENABLE_OBJC_WEAK = YES;
				CLANG_WARN_BLOCK_CAPTURE_AUTORELEASING = YES;
				CLANG_WARN_BOOL_CONVERSION = YES;
				CLANG_WARN_COMMA = YES;
				CLANG_WARN_CONSTANT_CONVERSION = YES;
				CLANG_WARN_DEPRECATED_OBJC_IMPLEMENTATIONS = YES;
				CLANG_WARN_DIRECT_OBJC_ISA_USAGE = YES_ERROR;
				CLANG_WARN_DOCUMENTATION_COMMENTS = YES;
				CLANG_WARN_EMPTY_BODY = YES;
				CLANG_WARN_ENUM_CONVERSION = YES;
				CLANG_WARN_INFINITE_RECURSION = YES;
				CLANG_WARN_INT_CONVERSION = YES;
				CLANG_WARN_NON_LITERAL_NULL_CONVERSION = YES;
				CLANG_WARN_OBJC_IMPLICIT_RETAIN_SELF = YES;
				CLANG_WARN_OBJC_LITERAL_CONVERSION = YES;
				CLANG_WARN_OBJC_ROOT_CLASS = YES_ERROR;
				CLANG_WARN_RANGE_LOOP_ANALYSIS = YES;
				CLANG_WARN_STRICT_PROTOTYPES = YES;
				CLANG_WARN_SUSPICIOUS_MOVE = YES;
				CLANG_WARN_UNGUARDED_AVAILABILITY = YES_AGGRESSIVE;
				CLANG_WARN_UNREACHABLE_CODE = YES;
				CLANG_WARN__DUPLICATE_METHOD_MATCH = YES;
				CODE_SIGN_IDENTITY = "iPhone Developer";
				COPY_PHASE_STRIP = NO;
				DEBUG_INFORMATION_FORMAT = "dwarf-with-dsym";
				ENABLE_NS_ASSERTIONS = NO;
				ENABLE_STRICT_OBJC_MSGSEND = YES;
				GCC_C_LANGUAGE_STANDARD = gnu11;
				GCC_NO_COMMON_BLOCKS = YES;
				GCC_WARN_64_TO_32_BIT_CONVERSION = YES;
				GCC_WARN_ABOUT_RETURN_TYPE = YES_ERROR;
				GCC_WARN_UNDECLARED_SELECTOR = YES;
				GCC_WARN_UNINITIALIZED_AUTOS = YES_AGGRESSIVE;
				GCC_WARN_UNUSED_FUNCTION = YES;
				GCC_WARN_UNUSED_VARIABLE = YES;
				IPHONEOS_DEPLOYMENT_TARGET = 12.1;
				MTL_ENABLE_DEBUG_INFO = NO;
				MTL_FAST_MATH = YES;
				SDKROOT = iphoneos;
				SWIFT_COMPILATION_MODE = wholemodule;
				SWIFT_OPTIMIZATION_LEVEL = "-O";
				VALIDATE_PRODUCT = YES;
			};
			name = Release;
		};
		3FCB5F9322D62995001953E9 /* Debug */ = {
			isa = XCBuildConfiguration;
			buildSettings = {
				ASSETCATALOG_COMPILER_APPICON_NAME = AppIcon;
				CODE_SIGN_STYLE = Automatic;
				INFOPLIST_FILE = schmoney/Info.plist;
				LD_RUNPATH_SEARCH_PATHS = (
					"$(inherited)",
					"@executable_path/Frameworks",
				);
				PRODUCT_BUNDLE_IDENTIFIER = test.schmoney;
				PRODUCT_NAME = "$(TARGET_NAME)";
				SWIFT_VERSION = 4.2;
				TARGETED_DEVICE_FAMILY = "1,2";
			};
			name = Debug;
		};
		3FCB5F9422D62995001953E9 /* Release */ = {
			isa = XCBuildConfiguration;
			buildSettings = {
				ASSETCATALOG_COMPILER_APPICON_NAME = AppIcon;
				CODE_SIGN_STYLE = Automatic;
				INFOPLIST_FILE = schmoney/Info.plist;
				LD_RUNPATH_SEARCH_PATHS = (
					"$(inherited)",
					"@executable_path/Frameworks",
				);
				PRODUCT_BUNDLE_IDENTIFIER = test.schmoney;
				PRODUCT_NAME = "$(TARGET_NAME)";
				SWIFT_VERSION = 4.2;
				TARGETED_DEVICE_FAMILY = "1,2";
			};
			name = Release;
		};
/* End XCBuildConfiguration section */

/* Begin XCConfigurationList section */
		3FCB5F7922D62994001953E9 /* Build configuration list for PBXProject "schmoney" */ = {
			isa = XCConfigurationList;
			buildConfigurations = (
				3FCB5F9022D62995001953E9 /* Debug */,
				3FCB5F9122D62995001953E9 /* Release */,
			);
			defaultConfigurationIsVisible = 0;
			defaultConfigurationName = Release;
		};
		3FCB5F9222D62995001953E9 /* Build configuration list for PBXNativeTarget "schmoney" */ = {
			isa = XCConfigurationList;
			buildConfigurations = (
				3FCB5F9322D62995001953E9 /* Debug */,
				3FCB5F9422D62995001953E9 /* Release */,
			);
			defaultConfigurationIsVisible = 0;
			defaultConfigurationName = Release;
		};
/* End XCConfigurationList section */
	};
	rootObject = 3FCB5F7622D62994001953E9 /* Project object */;
}
